
Microsoft Visual Studio Solution File, Format Version 12.00
# Visual Studio 15
VisualStudioVersion = 15.0.27703.1
MinimumVisualStudioVersion = 10.0.40219.1
Project("{9A19103F-16F7-4668-BE54-9A1E7A4F7556}") = "FastHashes", "FastHashes\FastHashes.csproj", "{80642F96-FB82-423A-80A4-DFCD601E47E4}"
EndProject
Project("{FAE04EC0-301F-11D3-BF4B-00C04F79EFBC}") = "FastHashes.Tests", "FastHashes.Tests\FastHashes.Tests.csproj", "{2C5B07E0-7272-4FD1-805D-09DAE37AE20A}"
	ProjectSection(ProjectDependencies) = postProject
		{80642F96-FB82-423A-80A4-DFCD601E47E4} = {80642F96-FB82-423A-80A4-DFCD601E47E4}
	EndProjectSection
EndProject
Global
	GlobalSection(SolutionConfigurationPlatforms) = preSolution
		Debug|Any CPU = Debug|Any CPU
		Debug|x64 = Debug|x64
		Debug|x86 = Debug|x86
		Release|Any CPU = Release|Any CPU
		Release|x64 = Release|x64
		Release|x86 = Release|x86
	EndGlobalSection
	GlobalSection(ProjectConfigurationPlatforms) = postSolution
		{80642F96-FB82-423A-80A4-DFCD601E47E4}.Debug|Any CPU.ActiveCfg = Debug|Any CPU
		{80642F96-FB82-423A-80A4-DFCD601E47E4}.Debug|Any CPU.Build.0 = Debug|Any CPU
		{80642F96-FB82-423A-80A4-DFCD601E47E4}.Debug|x64.ActiveCfg = Debug|x64
		{80642F96-FB82-423A-80A4-DFCD601E47E4}.Debug|x64.Build.0 = Debug|x64
		{80642F96-FB82-423A-80A4-DFCD601E47E4}.Debug|x86.ActiveCfg = Debug|x86
		{80642F96-FB82-423A-80A4-DFCD601E47E4}.Debug|x86.Build.0 = Debug|x86
		{80642F96-FB82-423A-80A4-DFCD601E47E4}.Release|Any CPU.ActiveCfg = Release|Any CPU
		{80642F96-FB82-423A-80A4-DFCD601E47E4}.Release|Any CPU.Build.0 = Release|Any CPU
		{80642F96-FB82-423A-80A4-DFCD601E47E4}.Release|x64.ActiveCfg = Release|x64
		{80642F96-FB82-423A-80A4-DFCD601E47E4}.Release|x64.Build.0 = Release|x64
		{80642F96-FB82-423A-80A4-DFCD601E47E4}.Release|x86.ActiveCfg = Release|x86
		{80642F96-FB82-423A-80A4-DFCD601E47E4}.Release|x86.Build.0 = Release|x86
		{2C5B07E0-7272-4FD1-805D-09DAE37AE20A}.Debug|Any CPU.ActiveCfg = Debug|Any CPU
		{2C5B07E0-7272-4FD1-805D-09DAE37AE20A}.Debug|Any CPU.Build.0 = Debug|Any CPU
		{2C5B07E0-7272-4FD1-805D-09DAE37AE20A}.Debug|x64.ActiveCfg = Debug|x64
		{2C5B07E0-7272-4FD1-805D-09DAE37AE20A}.Debug|x64.Build.0 = Debug|x64
		{2C5B07E0-7272-4FD1-805D-09DAE37AE20A}.Debug|x86.ActiveCfg = Debug|x86
		{2C5B07E0-7272-4FD1-805D-09DAE37AE20A}.Debug|x86.Build.0 = Debug|x86
		{2C5B07E0-7272-4FD1-805D-09DAE37AE20A}.Release|Any CPU.ActiveCfg = Release|Any CPU
		{2C5B07E0-7272-4FD1-805D-09DAE37AE20A}.Release|Any CPU.Build.0 = Release|Any CPU
		{2C5B07E0-7272-4FD1-805D-09DAE37AE20A}.Release|x64.ActiveCfg = Release|x64
		{2C5B07E0-7272-4FD1-805D-09DAE37AE20A}.Release|x64.Build.0 = Release|x64
		{2C5B07E0-7272-4FD1-805D-09DAE37AE20A}.Release|x86.ActiveCfg = Release|x86
		{2C5B07E0-7272-4FD1-805D-09DAE37AE20A}.Release|x86.Build.0 = Release|x86
	EndGlobalSection
	GlobalSection(SolutionProperties) = preSolution
		HideSolutionNode = FALSE
	EndGlobalSection
	GlobalSection(ExtensibilityGlobals) = postSolution
		SolutionGuid = {1C43E4F1-4C1B-4F7A-AF62-8EB91375E510}
	EndGlobalSection
EndGlobal
